Microsoft Visual Studio Solution File, Format Version 11.00
# Visual C++ Express 2010
Project("{8BC9CEB8-8B4A-11D0-8D11-00A0C91BC942}") = "ALL_BUILD", "ALL_BUILD.vcxproj", "{76BD0C62-C0B9-4B09-9505-03DD6CB7EDA5}"
	ProjectSection(ProjectDependencies) = postProject
		{E30FE072-A167-4774-AAB8-24022345385E} = {E30FE072-A167-4774-AAB8-24022345385E}
		{CC4648CA-3AB3-4045-9933-1733A9F09C5D} = {CC4648CA-3AB3-4045-9933-1733A9F09C5D}
		{D0AF4CCD-F54B-476E-99A9-04997789E496} = {D0AF4CCD-F54B-476E-99A9-04997789E496}
		{DD4D7711-8F55-41C1-BA8B-77E8FEC8B867} = {DD4D7711-8F55-41C1-BA8B-77E8FEC8B867}
		{5C947643-3BA5-4EB1-A0ED-A68493F7DDB6} = {5C947643-3BA5-4EB1-A0ED-A68493F7DDB6}
		{444F6594-E2B9-4C42-9639-017CC64B7C45} = {444F6594-E2B9-4C42-9639-017CC64B7C45}
	EndProjectSection
EndProject
Project("{8BC9CEB8-8B4A-11D0-8D11-00A0C91BC942}") = "Box2D", "Box2D\Box2D.vcxproj", "{E30FE072-A167-4774-AAB8-24022345385E}"
	ProjectSection(ProjectDependencies) = postProject
		{DD4D7711-8F55-41C1-BA8B-77E8FEC8B867} = {DD4D7711-8F55-41C1-BA8B-77E8FEC8B867}
	EndProjectSection
EndProject
Project("{8BC9CEB8-8B4A-11D0-8D11-00A0C91BC942}") = "HelloWorld", "HelloWorld\HelloWorld.vcxproj", "{CC4648CA-3AB3-4045-9933-1733A9F09C5D}"
	ProjectSection(ProjectDependencies) = postProject
		{E30FE072-A167-4774-AAB8-24022345385E} = {E30FE072-A167-4774-AAB8-24022345385E}
		{DD4D7711-8F55-41C1-BA8B-77E8FEC8B867} = {DD4D7711-8F55-41C1-BA8B-77E8FEC8B867}
	EndProjectSection
EndProject
Project("{8BC9CEB8-8B4A-11D0-8D11-00A0C91BC942}") = "Testbed", "Testbed\Testbed.vcxproj", "{D0AF4CCD-F54B-476E-99A9-04997789E496}"
	ProjectSection(ProjectDependencies) = postProject
		{E30FE072-A167-4774-AAB8-24022345385E} = {E30FE072-A167-4774-AAB8-24022345385E}
		{DD4D7711-8F55-41C1-BA8B-77E8FEC8B867} = {DD4D7711-8F55-41C1-BA8B-77E8FEC8B867}
		{5C947643-3BA5-4EB1-A0ED-A68493F7DDB6} = {5C947643-3BA5-4EB1-A0ED-A68493F7DDB6}
		{444F6594-E2B9-4C42-9639-017CC64B7C45} = {444F6594-E2B9-4C42-9639-017CC64B7C45}
	EndProjectSection
EndProject
Project("{8BC9CEB8-8B4A-11D0-8D11-00A0C91BC942}") = "ZERO_CHECK", "ZERO_CHECK.vcxproj", "{DD4D7711-8F55-41C1-BA8B-77E8FEC8B867}"
	ProjectSection(ProjectDependencies) = postProject
	EndProjectSection
EndProject
Project("{8BC9CEB8-8B4A-11D0-8D11-00A0C91BC942}") = "freeglut_static", "freeglut\freeglut_static.vcxproj", "{5C947643-3BA5-4EB1-A0ED-A68493F7DDB6}"
	ProjectSection(ProjectDependencies) = postProject
		{DD4D7711-8F55-41C1-BA8B-77E8FEC8B867} = {DD4D7711-8F55-41C1-BA8B-77E8FEC8B867}
	EndProjectSection
EndProject
Project("{8BC9CEB8-8B4A-11D0-8D11-00A0C91BC942}") = "glui", "glui\glui.vcxproj", "{444F6594-E2B9-4C42-9639-017CC64B7C45}"
	ProjectSection(ProjectDependencies) = postProject
		{DD4D7711-8F55-41C1-BA8B-77E8FEC8B867} = {DD4D7711-8F55-41C1-BA8B-77E8FEC8B867}
	EndProjectSection
EndProject
Global
	GlobalSection(SolutionConfigurationPlatforms) = preSolution
		Debug|Win32 = Debug|Win32
		Release|Win32 = Release|Win32
		MinSizeRel|Win32 = MinSizeRel|Win32
		RelWithDebInfo|Win32 = RelWithDebInfo|Win32
	EndGlobalSection
	GlobalSection(ProjectConfigurationPlatforms) = postSolution
		{76BD0C62-C0B9-4B09-9505-03DD6CB7EDA5}.Debug|Win32.ActiveCfg = Debug|Win32
		{76BD0C62-C0B9-4B09-9505-03DD6CB7EDA5}.Release|Win32.ActiveCfg = Release|Win32
		{76BD0C62-C0B9-4B09-9505-03DD6CB7EDA5}.MinSizeRel|Win32.ActiveCfg = MinSizeRel|Win32
		{76BD0C62-C0B9-4B09-9505-03DD6CB7EDA5}.RelWithDebInfo|Win32.ActiveCfg = RelWithDebInfo|Win32
		{E30FE072-A167-4774-AAB8-24022345385E}.Debug|Win32.ActiveCfg = Debug|Win32
		{E30FE072-A167-4774-AAB8-24022345385E}.Debug|Win32.Build.0 = Debug|Win32
		{E30FE072-A167-4774-AAB8-24022345385E}.Release|Win32.ActiveCfg = Release|Win32
		{E30FE072-A167-4774-AAB8-24022345385E}.Release|Win32.Build.0 = Release|Win32
		{E30FE072-A167-4774-AAB8-24022345385E}.MinSizeRel|Win32.ActiveCfg = MinSizeRel|Win32
		{E30FE072-A167-4774-AAB8-24022345385E}.MinSizeRel|Win32.Build.0 = MinSizeRel|Win32
		{E30FE072-A167-4774-AAB8-24022345385E}.RelWithDebInfo|Win32.ActiveCfg = RelWithDebInfo|Win32
		{E30FE072-A167-4774-AAB8-24022345385E}.RelWithDebInfo|Win32.Build.0 = RelWithDebInfo|Win32
		{CC4648CA-3AB3-4045-9933-1733A9F09C5D}.Debug|Win32.ActiveCfg = Debug|Win32
		{CC4648CA-3AB3-4045-9933-1733A9F09C5D}.Debug|Win32.Build.0 = Debug|Win32
		{CC4648CA-3AB3-4045-9933-1733A9F09C5D}.Release|Win32.ActiveCfg = Release|Win32
		{CC4648CA-3AB3-4045-9933-1733A9F09C5D}.Release|Win32.Build.0 = Release|Win32
		{CC4648CA-3AB3-4045-9933-1733A9F09C5D}.MinSizeRel|Win32.ActiveCfg = MinSizeRel|Win32
		{CC4648CA-3AB3-4045-9933-1733A9F09C5D}.MinSizeRel|Win32.Build.0 = MinSizeRel|Win32
		{CC4648CA-3AB3-4045-9933-1733A9F09C5D}.RelWithDebInfo|Win32.ActiveCfg = RelWithDebInfo|Win32
		{CC4648CA-3AB3-4045-9933-1733A9F09C5D}.RelWithDebInfo|Win32.Build.0 = RelWithDebInfo|Win32
		{D0AF4CCD-F54B-476E-99A9-04997789E496}.Debug|Win32.ActiveCfg = Debug|Win32
		{D0AF4CCD-F54B-476E-99A9-04997789E496}.Debug|Win32.Build.0 = Debug|Win32
		{D0AF4CCD-F54B-476E-99A9-04997789E496}.Release|Win32.ActiveCfg = Release|Win32
		{D0AF4CCD-F54B-476E-99A9-04997789E496}.Release|Win32.Build.0 = Release|Win32
		{D0AF4CCD-F54B-476E-99A9-04997789E496}.MinSizeRel|Win32.ActiveCfg = MinSizeRel|Win32
		{D0AF4CCD-F54B-476E-99A9-04997789E496}.MinSizeRel|Win32.Build.0 = MinSizeRel|Win32
		{D0AF4CCD-F54B-476E-99A9-04997789E496}.RelWithDebInfo|Win32.ActiveCfg = RelWithDebInfo|Win32
		{D0AF4CCD-F54B-476E-99A9-04997789E496}.RelWithDebInfo|Win32.Build.0 = RelWithDebInfo|Win32
		{DD4D7711-8F55-41C1-BA8B-77E8FEC8B867}.Debug|Win32.ActiveCfg = Debug|Win32
		{DD4D7711-8F55-41C1-BA8B-77E8FEC8B867}.Debug|Win32.Build.0 = Debug|Win32
		{DD4D7711-8F55-41C1-BA8B-77E8FEC8B867}.Release|Win32.ActiveCfg = Release|Win32
		{DD4D7711-8F55-41C1-BA8B-77E8FEC8B867}.Release|Win32.Build.0 = Release|Win32
		{DD4D7711-8F55-41C1-BA8B-77E8FEC8B867}.MinSizeRel|Win32.ActiveCfg = MinSizeRel|Win32
		{DD4D7711-8F55-41C1-BA8B-77E8FEC8B867}.MinSizeRel|Win32.Build.0 = MinSizeRel|Win32
		{DD4D7711-8F55-41C1-BA8B-77E8FEC8B867}.RelWithDebInfo|Win32.ActiveCfg = RelWithDebInfo|Win32
		{DD4D7711-8F55-41C1-BA8B-77E8FEC8B867}.RelWithDebInfo|Win32.Build.0 = RelWithDebInfo|Win32
		{5C947643-3BA5-4EB1-A0ED-A68493F7DDB6}.Debug|Win32.ActiveCfg = Debug|Win32
		{5C947643-3BA5-4EB1-A0ED-A68493F7DDB6}.Debug|Win32.Build.0 = Debug|Win32
		{5C947643-3BA5-4EB1-A0ED-A68493F7DDB6}.Release|Win32.ActiveCfg = Release|Win32
		{5C947643-3BA5-4EB1-A0ED-A68493F7DDB6}.Release|Win32.Build.0 = Release|Win32
		{5C947643-3BA5-4EB1-A0ED-A68493F7DDB6}.MinSizeRel|Win32.ActiveCfg = MinSizeRel|Win32
		{5C947643-3BA5-4EB1-A0ED-A68493F7DDB6}.MinSizeRel|Win32.Build.0 = MinSizeRel|Win32
		{5C947643-3BA5-4EB1-A0ED-A68493F7DDB6}.RelWithDebInfo|Win32.ActiveCfg = RelWithDebInfo|Win32
		{5C947643-3BA5-4EB1-A0ED-A68493F7DDB6}.RelWithDebInfo|Win32.Build.0 = RelWithDebInfo|Win32
		{444F6594-E2B9-4C42-9639-017CC64B7C45}.Debug|Win32.ActiveCfg = Debug|Win32
		{444F6594-E2B9-4C42-9639-017CC64B7C45}.Debug|Win32.Build.0 = Debug|Win32
		{444F6594-E2B9-4C42-9639-017CC64B7C45}.Release|Win32.ActiveCfg = Release|Win32
		{444F6594-E2B9-4C42-9639-017CC64B7C45}.Release|Win32.Build.0 = Release|Win32
		{444F6594-E2B9-4C42-9639-017CC64B7C45}.MinSizeRel|Win32.ActiveCfg = MinSizeRel|Win32
		{444F6594-E2B9-4C42-9639-017CC64B7C45}.MinSizeRel|Win32.Build.0 = MinSizeRel|Win32
		{444F6594-E2B9-4C42-9639-017CC64B7C45}.RelWithDebInfo|Win32.ActiveCfg = RelWithDebInfo|Win32
		{444F6594-E2B9-4C42-9639-017CC64B7C45}.RelWithDebInfo|Win32.Build.0 = RelWithDebInfo|Win32
	EndGlobalSection
	GlobalSection(ExtensibilityGlobals) = postSolution
	EndGlobalSection
	GlobalSection(ExtensibilityAddIns) = postSolution
	EndGlobalSection
EndGlobal
